// !$*UTF8*$!
{
	archiveVersion = 1;
	classes = {
	};
	objectVersion = 48;
	objects = {

/* Begin PBXBuildFile section */
		1087FBADB4102E62E4D79011 /* Pods_survivorTests.framework in Frameworks */ = {isa = PBXBuildFile; fileRef = BE5D84611ED9AE4FCAE57F5A /* Pods_survivorTests.framework */; };
		6F7C99D31FFEB1D200E4503C /* AppDelegate.swift in Sources */ = {isa = PBXBuildFile; fileRef = 6F7C99D21FFEB1D200E4503C /* AppDelegate.swift */; };
		6F7C99D51FFEB1D200E4503C /* ViewController.swift in Sources */ = {isa = PBXBuildFile; fileRef = 6F7C99D41FFEB1D200E4503C /* ViewController.swift */; };
		6F7C99D81FFEB1D200E4503C /* Main.storyboard in Resources */ = {isa = PBXBuildFile; fileRef = 6F7C99D61FFEB1D200E4503C /* Main.storyboard */; };
		6F7C99DB1FFEB1D200E4503C /* survivor.xcdatamodeld in Sources */ = {isa = PBXBuildFile; fileRef = 6F7C99D91FFEB1D200E4503C /* survivor.xcdatamodeld */; };
		6F7C99DD1FFEB1D200E4503C /* Assets.xcassets in Resources */ = {isa = PBXBuildFile; fileRef = 6F7C99DC1FFEB1D200E4503C /* Assets.xcassets */; };
		6F7C99E01FFEB1D200E4503C /* LaunchScreen.storyboard in Resources */ = {isa = PBXBuildFile; fileRef = 6F7C99DE1FFEB1D200E4503C /* LaunchScreen.storyboard */; };
		6F7C99EB1FFEB1D200E4503C /* survivorTests.swift in Sources */ = {isa = PBXBuildFile; fileRef = 6F7C99EA1FFEB1D200E4503C /* survivorTests.swift */; };
		834963FC685D900C8560FE13 /* Pods_survivor.framework in Frameworks */ = {isa = PBXBuildFile; fileRef = EFE239CE0C3E4E1A0AF15335 /* Pods_survivor.framework */; };
/* End PBXBuildFile section */

/* Begin PBXContainerItemProxy section */
		6F7C99E71FFEB1D200E4503C /* PBXContainerItemProxy */ = {
			isa = PBXContainerItemProxy;
			containerPortal = 6F7C99C71FFEB1D200E4503C /* Project object */;
			proxyType = 1;
			remoteGlobalIDString = 6F7C99CE1FFEB1D200E4503C;
			remoteInfo = survivor;
		};
/* End PBXContainerItemProxy section */

/* Begin PBXFileReference section */
		0E3D5D0B5A59F0BE22895088 /* Pods-survivorTests.debug.xcconfig */ = {isa = PBXFileReference; includeInIndex = 1; lastKnownFileType = text.xcconfig; name = "Pods-survivorTests.debug.xcconfig"; path = "Pods/Target Support Files/Pods-survivorTests/Pods-survivorTests.debug.xcconfig"; sourceTree = "<group>"; };
		15421A621FC0D876C117C770 /* Pods-survivorTests.release.xcconfig */ = {isa = PBXFileReference; includeInIndex = 1; lastKnownFileType = text.xcconfig; name = "Pods-survivorTests.release.xcconfig"; path = "Pods/Target Support Files/Pods-survivorTests/Pods-survivorTests.release.xcconfig"; sourceTree = "<group>"; };
		69715E99D46EBF1A48937A8F /* Pods-survivor.debug.xcconfig */ = {isa = PBXFileReference; includeInIndex = 1; lastKnownFileType = text.xcconfig; name = "Pods-survivor.debug.xcconfig"; path = "Pods/Target Support Files/Pods-survivor/Pods-survivor.debug.xcconfig"; sourceTree = "<group>"; };
		6F7C99CF1FFEB1D200E4503C /* survivor.app */ = {isa = PBXFileReference; explicitFileType = wrapper.application; includeInIndex = 0; path = survivor.app; sourceTree = BUILT_PRODUCTS_DIR; };
		6F7C99D21FFEB1D200E4503C /* AppDelegate.swift */ = {isa = PBXFileReference; lastKnownFileType = sourcecode.swift; path = AppDelegate.swift; sourceTree = "<group>"; };
		6F7C99D41FFEB1D200E4503C /* ViewController.swift */ = {isa = PBXFileReference; lastKnownFileType = sourcecode.swift; path = ViewController.swift; sourceTree = "<group>"; };
		6F7C99D71FFEB1D200E4503C /* Base */ = {isa = PBXFileReference; lastKnownFileType = file.storyboard; name = Base; path = Base.lproj/Main.storyboard; sourceTree = "<group>"; };
		6F7C99DA1FFEB1D200E4503C /* survivor.xcdatamodel */ = {isa = PBXFileReference; lastKnownFileType = wrapper.xcdatamodel; path = survivor.xcdatamodel; sourceTree = "<group>"; };
		6F7C99DC1FFEB1D200E4503C /* Assets.xcassets */ = {isa = PBXFileReference; lastKnownFileType = folder.assetcatalog; path = Assets.xcassets; sourceTree = "<group>"; };
		6F7C99DF1FFEB1D200E4503C /* Base */ = {isa = PBXFileReference; lastKnownFileType = file.storyboard; name = Base; path = Base.lproj/LaunchScreen.storyboard; sourceTree = "<group>"; };
		6F7C99E11FFEB1D200E4503C /* Info.plist */ = {isa = PBXFileReference; lastKnownFileType = text.plist.xml; path = Info.plist; sourceTree = "<group>"; };
		6F7C99E61FFEB1D200E4503C /* survivorTests.xctest */ = {isa = PBXFileReference; explicitFileType = wrapper.cfbundle; includeInIndex = 0; path = survivorTests.xctest; sourceTree = BUILT_PRODUCTS_DIR; };
		6F7C99EA1FFEB1D200E4503C /* survivorTests.swift */ = {isa = PBXFileReference; lastKnownFileType = sourcecode.swift; path = survivorTests.swift; sourceTree = "<group>"; };
		6F7C99EC1FFEB1D200E4503C /* Info.plist */ = {isa = PBXFileReference; lastKnownFileType = text.plist.xml; path = Info.plist; sourceTree = "<group>"; };
		BE5D84611ED9AE4FCAE57F5A /* Pods_survivorTests.framework */ = {isa = PBXFileReference; explicitFileType = wrapper.framework; includeInIndex = 0; path = Pods_survivorTests.framework; sourceTree = BUILT_PRODUCTS_DIR; };
		BF3526FBA51EE8E167378243 /* Pods-survivor.release.xcconfig */ = {isa = PBXFileReference; includeInIndex = 1; lastKnownFileType = text.xcconfig; name = "Pods-survivor.release.xcconfig"; path = "Pods/Target Support Files/Pods-survivor/Pods-survivor.release.xcconfig"; sourceTree = "<group>"; };
		EFE239CE0C3E4E1A0AF15335 /* Pods_survivor.framework */ = {isa = PBXFileReference; explicitFileType = wrapper.framework; includeInIndex = 0; path = Pods_survivor.framework; sourceTree = BUILT_PRODUCTS_DIR; };
/* End PBXFileReference section */

/* Begin PBXFrameworksBuildPhase section */
		6F7C99CC1FFEB1D200E4503C /* Frameworks */ = {
			isa = PBXFrameworksBuildPhase;
			buildActionMask = 2147483647;
			files = (
				834963FC685D900C8560FE13 /* Pods_survivor.framework in Frameworks */,
			);
			runOnlyForDeploymentPostprocessing = 0;
		};
		6F7C99E31FFEB1D200E4503C /* Frameworks */ = {
			isa = PBXFrameworksBuildPhase;
			buildActionMask = 2147483647;
			files = (
				1087FBADB4102E62E4D79011 /* Pods_survivorTests.framework in Frameworks */,
			);
			runOnlyForDeploymentPostprocessing = 0;
		};
/* End PBXFrameworksBuildPhase section */

/* Begin PBXGroup section */
		47306D6B0CC62B3F24884898 /* Frameworks */ = {
			isa = PBXGroup;
			children = (
				EFE239CE0C3E4E1A0AF15335 /* Pods_survivor.framework */,
				BE5D84611ED9AE4FCAE57F5A /* Pods_survivorTests.framework */,
			);
			name = Frameworks;
			sourceTree = "<group>";
		};
		58332CE89AD6884534B69F52 /* Pods */ = {
			isa = PBXGroup;
			children = (
				69715E99D46EBF1A48937A8F /* Pods-survivor.debug.xcconfig */,
				BF3526FBA51EE8E167378243 /* Pods-survivor.release.xcconfig */,
				0E3D5D0B5A59F0BE22895088 /* Pods-survivorTests.debug.xcconfig */,
				15421A621FC0D876C117C770 /* Pods-survivorTests.release.xcconfig */,
			);
			name = Pods;
			sourceTree = "<group>";
		};
		6F7C99C61FFEB1D200E4503C = {
			isa = PBXGroup;
			children = (
				6F7C99D11FFEB1D200E4503C /* survivor */,
				6F7C99E91FFEB1D200E4503C /* survivorTests */,
				6F7C99D01FFEB1D200E4503C /* Products */,
				58332CE89AD6884534B69F52 /* Pods */,
				47306D6B0CC62B3F24884898 /* Frameworks */,
			);
			sourceTree = "<group>";
		};
		6F7C99D01FFEB1D200E4503C /* Products */ = {
			isa = PBXGroup;
			children = (
				6F7C99CF1FFEB1D200E4503C /* survivor.app */,
				6F7C99E61FFEB1D200E4503C /* survivorTests.xctest */,
			);
			name = Products;
			sourceTree = "<group>";
		};
		6F7C99D11FFEB1D200E4503C /* survivor */ = {
			isa = PBXGroup;
			children = (
				6F7C99D21FFEB1D200E4503C /* AppDelegate.swift */,
				6F7C99D41FFEB1D200E4503C /* ViewController.swift */,
				6F7C99D61FFEB1D200E4503C /* Main.storyboard */,
				6F7C99DC1FFEB1D200E4503C /* Assets.xcassets */,
				6F7C99DE1FFEB1D200E4503C /* LaunchScreen.storyboard */,
				6F7C99E11FFEB1D200E4503C /* Info.plist */,
				6F7C99D91FFEB1D200E4503C /* survivor.xcdatamodeld */,
			);
			path = survivor;
			sourceTree = "<group>";
		};
		6F7C99E91FFEB1D200E4503C /* survivorTests */ = {
			isa = PBXGroup;
			children = (
				6F7C99EA1FFEB1D200E4503C /* survivorTests.swift */,
				6F7C99EC1FFEB1D200E4503C /* Info.plist */,
			);
			path = survivorTests;
			sourceTree = "<group>";
		};
/* End PBXGroup section */

/* Begin PBXNativeTarget section */
		6F7C99CE1FFEB1D200E4503C /* survivor */ = {
			isa = PBXNativeTarget;
			buildConfigurationList = 6F7C99EF1FFEB1D200E4503C /* Build configuration list for PBXNativeTarget "survivor" */;
			buildPhases = (
				491BEF2D67F5FDE7FC05601F /* [CP] Check Pods Manifest.lock */,
				6F7C99CB1FFEB1D200E4503C /* Sources */,
				6F7C99CC1FFEB1D200E4503C /* Frameworks */,
				6F7C99CD1FFEB1D200E4503C /* Resources */,
				069D8E2AAD41C30B3D102071 /* [CP] Embed Pods Frameworks */,
				5C0A416B15A6BCCFAA5C6A45 /* [CP] Copy Pods Resources */,
			);
			buildRules = (
			);
			dependencies = (
			);
			name = survivor;
			productName = survivor;
			productReference = 6F7C99CF1FFEB1D200E4503C /* survivor.app */;
			productType = "com.apple.product-type.application";
		};
		6F7C99E51FFEB1D200E4503C /* survivorTests */ = {
			isa = PBXNativeTarget;
			buildConfigurationList = 6F7C99F21FFEB1D200E4503C /* Build configuration list for PBXNativeTarget "survivorTests" */;
			buildPhases = (
				8390D9B9BA0CA0C66D8467EA /* [CP] Check Pods Manifest.lock */,
				6F7C99E21FFEB1D200E4503C /* Sources */,
				6F7C99E31FFEB1D200E4503C /* Frameworks */,
				6F7C99E41FFEB1D200E4503C /* Resources */,
				C9E267BE0D76C792BA8DEDC1 /* [CP] Embed Pods Frameworks */,
				5B2CCCC7C06B239AD8B68229 /* [CP] Copy Pods Resources */,
			);
			buildRules = (
			);
			dependencies = (
				6F7C99E81FFEB1D200E4503C /* PBXTargetDependency */,
			);
			name = survivorTests;
			productName = survivorTests;
			productReference = 6F7C99E61FFEB1D200E4503C /* survivorTests.xctest */;
			productType = "com.apple.product-type.bundle.unit-test";
		};
/* End PBXNativeTarget section */

/* Begin PBXProject section */
		6F7C99C71FFEB1D200E4503C /* Project object */ = {
			isa = PBXProject;
			attributes = {
				LastSwiftUpdateCheck = 0910;
				LastUpgradeCheck = 0910;
				ORGANIZATIONNAME = "N. M. Titov";
				TargetAttributes = {
					6F7C99CE1FFEB1D200E4503C = {
						CreatedOnToolsVersion = 9.1;
						ProvisioningStyle = Automatic;
					};
					6F7C99E51FFEB1D200E4503C = {
						CreatedOnToolsVersion = 9.1;
						ProvisioningStyle = Automatic;
						TestTargetID = 6F7C99CE1FFEB1D200E4503C;
					};
				};
			};
			buildConfigurationList = 6F7C99CA1FFEB1D200E4503C /* Build configuration list for PBXProject "survivor" */;
			compatibilityVersion = "Xcode 8.0";
			developmentRegion = en;
			hasScannedForEncodings = 0;
			knownRegions = (
				en,
				Base,
			);
			mainGroup = 6F7C99C61FFEB1D200E4503C;
			productRefGroup = 6F7C99D01FFEB1D200E4503C /* Products */;
			projectDirPath = "";
			projectRoot = "";
			targets = (
				6F7C99CE1FFEB1D200E4503C /* survivor */,
				6F7C99E51FFEB1D200E4503C /* survivorTests */,
			);
		};
/* End PBXProject section */

/* Begin PBXResourcesBuildPhase section */
		6F7C99CD1FFEB1D200E4503C /* Resources */ = {
			isa = PBXResourcesBuildPhase;
			buildActionMask = 2147483647;
			files = (
				6F7C99E01FFEB1D200E4503C /* LaunchScreen.storyboard in Resources */,
				6F7C99DD1FFEB1D200E4503C /* Assets.xcassets in Resources */,
				6F7C99D81FFEB1D200E4503C /* Main.storyboard in Resources */,
			);
			runOnlyForDeploymentPostprocessing = 0;
		};
		6F7C99E41FFEB1D200E4503C /* Resources */ = {
			isa = PBXResourcesBuildPhase;
			buildActionMask = 2147483647;
			files = (
			);
			runOnlyForDeploymentPostprocessing = 0;
		};
/* End PBXResourcesBuildPhase section */

/* Begin PBXShellScriptBuildPhase section */
		069D8E2AAD41C30B3D102071 /* [CP] Embed Pods Frameworks */ = {
			isa = PBXShellScriptBuildPhase;
			buildActionMask = 2147483647;
			files = (
			);
			inputPaths = (
			);
			name = "[CP] Embed Pods Frameworks";
			outputPaths = (
			);
			runOnlyForDeploymentPostprocessing = 0;
			shellPath = /bin/sh;
			shellScript = "\"${SRCROOT}/Pods/Target Support Files/Pods-survivor/Pods-survivor-frameworks.sh\"\n";
			showEnvVarsInLog = 0;
		};
		491BEF2D67F5FDE7FC05601F /* [CP] Check Pods Manifest.lock */ = {
			isa = PBXShellScriptBuildPhase;
			buildActionMask = 2147483647;
			files = (
			);
			inputPaths = (
				"${PODS_PODFILE_DIR_PATH}/Podfile.lock",
				"${PODS_ROOT}/Manifest.lock",
			);
			name = "[CP] Check Pods Manifest.lock";
			outputPaths = (
				"$(DERIVED_FILE_DIR)/Pods-survivor-checkManifestLockResult.txt",
			);
			runOnlyForDeploymentPostprocessing = 0;
			shellPath = /bin/sh;
			shellScript = "diff \"${PODS_PODFILE_DIR_PATH}/Podfile.lock\" \"${PODS_ROOT}/Manifest.lock\" > /dev/null\nif [ $? != 0 ] ; then\n    # print error to STDERR\n    echo \"error: The sandbox is not in sync with the Podfile.lock. Run 'pod install' or update your CocoaPods installation.\" >&2\n    exit 1\nfi\n# This output is used by Xcode 'outputs' to avoid re-running this script phase.\necho \"SUCCESS\" > \"${SCRIPT_OUTPUT_FILE_0}\"\n";
			showEnvVarsInLog = 0;
		};
		5B2CCCC7C06B239AD8B68229 /* [CP] Copy Pods Resources */ = {
			isa = PBXShellScriptBuildPhase;
			buildActionMask = 2147483647;
			files = (
			);
			inputPaths = (
			);
			name = "[CP] Copy Pods Resources";
			outputPaths = (
			);
			runOnlyForDeploymentPostprocessing = 0;
			shellPath = /bin/sh;
			shellScript = "\"${SRCROOT}/Pods/Target Support Files/Pods-survivorTests/Pods-survivorTests-resources.sh\"\n";
			showEnvVarsInLog = 0;
		};
		5C0A416B15A6BCCFAA5C6A45 /* [CP] Copy Pods Resources */ = {
			isa = PBXShellScriptBuildPhase;
			buildActionMask = 2147483647;
			files = (
			);
			inputPaths = (
			);
			name = "[CP] Copy Pods Resources";
			outputPaths = (
			);
			runOnlyForDeploymentPostprocessing = 0;
			shellPath = /bin/sh;
			shellScript = "\"${SRCROOT}/Pods/Target Support Files/Pods-survivor/Pods-survivor-resources.sh\"\n";
			showEnvVarsInLog = 0;
		};
		8390D9B9BA0CA0C66D8467EA /* [CP] Check Pods Manifest.lock */ = {
			isa = PBXShellScriptBuildPhase;
			buildActionMask = 2147483647;
			files = (
			);
			inputPaths = (
				"${PODS_PODFILE_DIR_PATH}/Podfile.lock",
				"${PODS_ROOT}/Manifest.lock",
			);
			name = "[CP] Check Pods Manifest.lock";
			outputPaths = (
				"$(DERIVED_FILE_DIR)/Pods-survivorTests-checkManifestLockResult.txt",
			);
			runOnlyForDeploymentPostprocessing = 0;
			shellPath = /bin/sh;
			shellScript = "diff \"${PODS_PODFILE_DIR_PATH}/Podfile.lock\" \"${PODS_ROOT}/Manifest.lock\" > /dev/null\nif [ $? != 0 ] ; then\n    # print error to STDERR\n    echo \"error: The sandbox is not in sync with the Podfile.lock. Run 'pod install' or update your CocoaPods installation.\" >&2\n    exit 1\nfi\n# This output is used by Xcode 'outputs' to avoid re-running this script phase.\necho \"SUCCESS\" > \"${SCRIPT_OUTPUT_FILE_0}\"\n";
			showEnvVarsInLog = 0;
		};
		C9E267BE0D76C792BA8DEDC1 /* [CP] Embed Pods Frameworks */ = {
			isa = PBXShellScriptBuildPhase;
			buildActionMask = 2147483647;
			files = (
			);
			inputPaths = (
			);
			name = "[CP] Embed Pods Frameworks";
			outputPaths = (
			);
			runOnlyForDeploymentPostprocessing = 0;
			shellPath = /bin/sh;
			shellScript = "\"${SRCROOT}/Pods/Target Support Files/Pods-survivorTests/Pods-survivorTests-frameworks.sh\"\n";
			showEnvVarsInLog = 0;
		};
/* End PBXShellScriptBuildPhase section */

/* Begin PBXSourcesBuildPhase section */
		6F7C99CB1FFEB1D200E4503C /* Sources */ = {
			isa = PBXSourcesBuildPhase;
			buildActionMask = 2147483647;
			files = (
				6F7C99D51FFEB1D200E4503C /* ViewController.swift in Sources */,
				6F7C99DB1FFEB1D200E4503C /* survivor.xcdatamodeld in Sources */,
				6F7C99D31FFEB1D200E4503C /* AppDelegate.swift in Sources */,
			);
			runOnlyForDeploymentPostprocessing = 0;
		};
		6F7C99E21FFEB1D200E4503C /* Sources */ = {
			isa = PBXSourcesBuildPhase;
			buildActionMask = 2147483647;
			files = (
				6F7C99EB1FFEB1D200E4503C /* survivorTests.swift in Sources */,
			);
			runOnlyForDeploymentPostprocessing = 0;
		};
/* End PBXSourcesBuildPhase section */

/* Begin PBXTargetDependency section */
		6F7C99E81FFEB1D200E4503C /* PBXTargetDependency */ = {
			isa = PBXTargetDependency;
			target = 6F7C99CE1FFEB1D200E4503C /* survivor */;
			targetProxy = 6F7C99E71FFEB1D200E4503C /* PBXContainerItemProxy */;
		};
/* End PBXTargetDependency section */

/* Begin PBXVariantGroup section */
		6F7C99D61FFEB1D200E4503C /* Main.storyboard */ = {
			isa = PBXVariantGroup;
			children = (
				6F7C99D71FFEB1D200E4503C /* Base */,
			);
			name = Main.storyboard;
			sourceTree = "<group>";
		};
		6F7C99DE1FFEB1D200E4503C /* LaunchScreen.storyboard */ = {
			isa = PBXVariantGroup;
			children = (
				6F7C99DF1FFEB1D200E4503C /* Base */,
			);
			name = LaunchScreen.storyboard;
			sourceTree = "<group>";
		};
/* End PBXVariantGroup section */

/* Begin XCBuildConfiguration section */
		6F7C99ED1FFEB1D200E4503C /* Debug */ = {
			isa = XCBuildConfiguration;
			buildSettings = {
				ALWAYS_SEARCH_USER_PATHS = NO;
				CLANG_ANALYZER_NONNULL = YES;
				CLANG_ANALYZER_NUMBER_OBJECT_CONVERSION = YES_AGGRESSIVE;
				CLANG_CXX_LANGUAGE_STANDARD = "gnu++14";
				CLANG_CXX_LIBRARY = "libc++";
				CLANG_ENABLE_MODULES = YES;
				CLANG_ENABLE_OBJC_ARC = YES;
				CLANG_WARN_BLOCK_CAPTURE_AUTORELEASING = YES;
				CLANG_WARN_BOOL_CONVERSION = YES;
				CLANG_WARN_COMMA = YES;
				CLANG_WARN_CONSTANT_CONVERSION = YES;
				CLANG_WARN_DIRECT_OBJC_ISA_USAGE = YES_ERROR;
				CLANG_WARN_DOCUMENTATION_COMMENTS = YES;
				CLANG_WARN_EMPTY_BODY = YES;
				CLANG_WARN_ENUM_CONVERSION = YES;
				CLANG_WARN_INFINITE_RECURSION = YES;
				CLANG_WARN_INT_CONVERSION = YES;
				CLANG_WARN_NON_LITERAL_NULL_CONVERSION = YES;
				CLANG_WARN_OBJC_LITERAL_CONVERSION = YES;
				CLANG_WARN_OBJC_ROOT_CLASS = YES_ERROR;
				CLANG_WARN_RANGE_LOOP_ANALYSIS = YES;
				CLANG_WARN_STRICT_PROTOTYPES = YES;
				CLANG_WARN_SUSPICIOUS_MOVE = YES;
				CLANG_WARN_UNGUARDED_AVAILABILITY = YES_AGGRESSIVE;
				CLANG_WARN_UNREACHABLE_CODE = YES;
				CLANG_WARN__DUPLICATE_METHOD_MATCH = YES;
				CODE_SIGN_IDENTITY = "iPhone Developer";
				COPY_PHASE_STRIP = NO;
				DEBUG_INFORMATION_FORMAT = dwarf;
				ENABLE_STRICT_OBJC_MSGSEND = YES;
				ENABLE_TESTABILITY = YES;
				GCC_C_LANGUAGE_STANDARD = gnu11;
				GCC_DYNAMIC_NO_PIC = NO;
				GCC_NO_COMMON_BLOCKS = YES;
				GCC_OPTIMIZATION_LEVEL = 0;
				GCC_PREPROCESSOR_DEFINITIONS = (
					"DEBUG=1",
					"$(inherited)",
				);
				GCC_WARN_64_TO_32_BIT_CONVERSION = YES;
				GCC_WARN_ABOUT_RETURN_TYPE = YES_ERROR;
				GCC_WARN_UNDECLARED_SELECTOR = YES;
				GCC_WARN_UNINITIALIZED_AUTOS = YES_AGGRESSIVE;
				GCC_WARN_UNUSED_FUNCTION = YES;
				GCC_WARN_UNUSED_VARIABLE = YES;
				IPHONEOS_DEPLOYMENT_TARGET = 11.1;
				MTL_ENABLE_DEBUG_INFO = YES;
				ONLY_ACTIVE_ARCH = YES;
				SDKROOT = iphoneos;
				SWIFT_ACTIVE_COMPILATION_CONDITIONS = DEBUG;
				SWIFT_OPTIMIZATION_LEVEL = "-Onone";
			};
			name = Debug;
		};
		6F7C99EE1FFEB1D200E4503C /* Release */ = {
			isa = XCBuildConfiguration;
			buildSettings = {
				ALWAYS_SEARCH_USER_PATHS = NO;
				CLANG_ANALYZER_NONNULL = YES;
				CLANG_ANALYZER_NUMBER_OBJECT_CONVERSION = YES_AGGRESSIVE;
				CLANG_CXX_LANGUAGE_STANDARD = "gnu++14";
				CLANG_CXX_LIBRARY = "libc++";
				CLANG_ENABLE_MODULES = YES;
				CLANG_ENABLE_OBJC_ARC = YES;
				CLANG_WARN_BLOCK_CAPTURE_AUTORELEASING = YES;
				CLANG_WARN_BOOL_CONVERSION = YES;
				CLANG_WARN_COMMA = YES;
				CLANG_WARN_CONSTANT_CONVERSION = YES;
				CLANG_WARN_DIRECT_OBJC_ISA_USAGE = YES_ERROR;
				CLANG_WARN_DOCUMENTATION_COMMENTS = YES;
				CLANG_WARN_EMPTY_BODY = YES;
				CLANG_WARN_ENUM_CONVERSION = YES;
				CLANG_WARN_INFINITE_RECURSION = YES;
				CLANG_WARN_INT_CONVERSION = YES;
				CLANG_WARN_NON_LITERAL_NULL_CONVERSION = YES;
				CLANG_WARN_OBJC_LITERAL_CONVERSION = YES;
				CLANG_WARN_OBJC_ROOT_CLASS = YES_ERROR;
				CLANG_WARN_RANGE_LOOP_ANALYSIS = YES;
				CLANG_WARN_STRICT_PROTOTYPES = YES;
				CLANG_WARN_SUSPICIOUS_MOVE = YES;
				CLANG_WARN_UNGUARDED_AVAILABILITY = YES_AGGRESSIVE;
				CLANG_WARN_UNREACHABLE_CODE = YES;
				CLANG_WARN__DUPLICATE_METHOD_MATCH = YES;
				CODE_SIGN_IDENTITY = "iPhone Developer";
				COPY_PHASE_STRIP = NO;
				DEBUG_INFORMATION_FORMAT = "dwarf-with-dsym";
				ENABLE_NS_ASSERTIONS = NO;
				ENABLE_STRICT_OBJC_MSGSEND = YES;
				GCC_C_LANGUAGE_STANDARD = gnu11;
				GCC_NO_COMMON_BLOCKS = YES;
				GCC_WARN_64_TO_32_BIT_CONVERSION = YES;
				GCC_WARN_ABOUT_RETURN_TYPE = YES_ERROR;
				GCC_WARN_UNDECLARED_SELECTOR = YES;
				GCC_WARN_UNINITIALIZED_AUTOS = YES_AGGRESSIVE;
				GCC_WARN_UNUSED_FUNCTION = YES;
				GCC_WARN_UNUSED_VARIABLE = YES;
				IPHONEOS_DEPLOYMENT_TARGET = 11.1;
				MTL_ENABLE_DEBUG_INFO = NO;
				SDKROOT = iphoneos;
				SWIFT_OPTIMIZATION_LEVEL = "-Owholemodule";
				VALIDATE_PRODUCT = YES;
			};
			name = Release;
		};
		6F7C99F01FFEB1D200E4503C /* Debug */ = {
			isa = XCBuildConfiguration;
			baseConfigurationReference = 69715E99D46EBF1A48937A8F /* Pods-survivor.debug.xcconfig */;
			buildSettings = {
				ASSETCATALOG_COMPILER_APPICON_NAME = AppIcon;
				CODE_SIGN_STYLE = Automatic;
				DEVELOPMENT_TEAM = M5HDTU7792;
				INFOPLIST_FILE = survivor/Info.plist;
				LD_RUNPATH_SEARCH_PATHS = "$(inherited) @executable_path/Frameworks";
				PRODUCT_BUNDLE_IDENTIFIER = link.titov.survivor;
				PRODUCT_NAME = "$(TARGET_NAME)";
				SWIFT_VERSION = 4.0;
				TARGETED_DEVICE_FAMILY = "1,2";
			};
			name = Debug;
		};
		6F7C99F11FFEB1D200E4503C /* Release */ = {
			isa = XCBuildConfiguration;
			baseConfigurationReference = BF3526FBA51EE8E167378243 /* Pods-survivor.release.xcconfig */;
			buildSettings = {
				ASSETCATALOG_COMPILER_APPICON_NAME = AppIcon;
				CODE_SIGN_STYLE = Automatic;
				DEVELOPMENT_TEAM = M5HDTU7792;
				INFOPLIST_FILE = survivor/Info.plist;
				LD_RUNPATH_SEARCH_PATHS = "$(inherited) @executable_path/Frameworks";
				PRODUCT_BUNDLE_IDENTIFIER = link.titov.survivor;
				PRODUCT_NAME = "$(TARGET_NAME)";
				SWIFT_VERSION = 4.0;
				TARGETED_DEVICE_FAMILY = "1,2";
			};
			name = Release;
		};
		6F7C99F31FFEB1D200E4503C /* Debug */ = {
			isa = XCBuildConfiguration;
			baseConfigurationReference = 0E3D5D0B5A59F0BE22895088 /* Pods-survivorTests.debug.xcconfig */;
			buildSettings = {
				ALWAYS_EMBED_SWIFT_STANDARD_LIBRARIES = YES;
				BUNDLE_LOADER = "$(TEST_HOST)";
				CODE_SIGN_STYLE = Automatic;
				DEVELOPMENT_TEAM = M5HDTU7792;
				INFOPLIST_FILE = survivorTests/Info.plist;
				LD_RUNPATH_SEARCH_PATHS = "$(inherited) @executable_path/Frameworks @loader_path/Frameworks";
				PRODUCT_BUNDLE_IDENTIFIER = link.titov.survivorTests;
				PRODUCT_NAME = "$(TARGET_NAME)";
				SWIFT_VERSION = 4.0;
				TARGETED_DEVICE_FAMILY = "1,2";
				TEST_HOST = "$(BUILT_PRODUCTS_DIR)/survivor.app/survivor";
			};
			name = Debug;
		};
		6F7C99F41FFEB1D200E4503C /* Release */ = {
			isa = XCBuildConfiguration;
			baseConfigurationReference = 15421A621FC0D876C117C770 /* Pods-survivorTests.release.xcconfig */;
			buildSettings = {
				ALWAYS_EMBED_SWIFT_STANDARD_LIBRARIES = YES;
				BUNDLE_LOADER = "$(TEST_HOST)";
				CODE_SIGN_STYLE = Automatic;
				DEVELOPMENT_TEAM = M5HDTU7792;
				INFOPLIST_FILE = survivorTests/Info.plist;
				LD_RUNPATH_SEARCH_PATHS = "$(inherited) @executable_path/Frameworks @loader_path/Frameworks";
				PRODUCT_BUNDLE_IDENTIFIER = link.titov.survivorTests;
				PRODUCT_NAME = "$(TARGET_NAME)";
				SWIFT_VERSION = 4.0;
				TARGETED_DEVICE_FAMILY = "1,2";
				TEST_HOST = "$(BUILT_PRODUCTS_DIR)/survivor.app/survivor";
			};
			name = Release;
		};
/* End XCBuildConfiguration section */

/* Begin XCConfigurationList section */
		6F7C99CA1FFEB1D200E4503C /* Build configuration list for PBXProject "survivor" */ = {
			isa = XCConfigurationList;
			buildConfigurations = (
				6F7C99ED1FFEB1D200E4503C /* Debug */,
				6F7C99EE1FFEB1D200E4503C /* Release */,
			);
			defaultConfigurationIsVisible = 0;
			defaultConfigurationName = Release;
		};
		6F7C99EF1FFEB1D200E4503C /* Build configuration list for PBXNativeTarget "survivor" */ = {
			isa = XCConfigurationList;
			buildConfigurations = (
				6F7C99F01FFEB1D200E4503C /* Debug */,
				6F7C99F11FFEB1D200E4503C /* Release */,
			);
			defaultConfigurationIsVisible = 0;
			defaultConfigurationName = Release;
		};
		6F7C99F21FFEB1D200E4503C /* Build configuration list for PBXNativeTarget "survivorTests" */ = {
			isa = XCConfigurationList;
			buildConfigurations = (
				6F7C99F31FFEB1D200E4503C /* Debug */,
				6F7C99F41FFEB1D200E4503C /* Release */,
			);
			defaultConfigurationIsVisible = 0;
			defaultConfigurationName = Release;
		};
/* End XCConfigurationList section */

/* Begin XCVersionGroup section */
		6F7C99D91FFEB1D200E4503C /* survivor.xcdatamodeld */ = {
			isa = XCVersionGroup;
			children = (
				6F7C99DA1FFEB1D200E4503C /* survivor.xcdatamodel */,
			);
			currentVersion = 6F7C99DA1FFEB1D200E4503C /* survivor.xcdatamodel */;
			path = survivor.xcdatamodeld;
			sourceTree = "<group>";
			versionGroupType = wrapper.xcdatamodel;
		};
/* End XCVersionGroup section */
	};
	rootObject = 6F7C99C71FFEB1D200E4503C /* Project object */;
}
